
Microsoft Visual Studio Solution File, Format Version 12.00
# Visual Studio 14
VisualStudioVersion = 14.0.25123.0
MinimumVisualStudioVersion = 10.0.40219.1
Project("{FAE04EC0-301F-11D3-BF4B-00C04F79EFBC}") = "App1.Droid", "App1\App1.Droid\App1.Droid.csproj", "{2DBBB9AE-F06F-4847-83EE-FB6F59BE21BB}"
EndProject
Project("{FAE04EC0-301F-11D3-BF4B-00C04F79EFBC}") = "App1.iOS", "App1\App1.iOS\App1.iOS.csproj", "{5EF423EF-3B56-4AF6-9ADC-F1F23C993064}"
EndProject
Project("{FAE04EC0-301F-11D3-BF4B-00C04F79EFBC}") = "App1.WinPhone", "App1\App1.WinPhone\App1.WinPhone.csproj", "{0F7FCAB8-2ABA-43CE-A619-D0C2C9B06282}"
EndProject
Project("{FAE04EC0-301F-11D3-BF4B-00C04F79EFBC}") = "App1.UWP", "App1\App1.UWP\App1.UWP.csproj", "{A408B98E-CA0B-4965-AFE8-AED30854F223}"
EndProject
Project("{FAE04EC0-301F-11D3-BF4B-00C04F79EFBC}") = "App1.Windows", "App1\App1.Windows\App1.Windows.csproj", "{0D107DCF-6D4B-491C-B1ED-E67CFC0AA14D}"
EndProject
Project("{FAE04EC0-301F-11D3-BF4B-00C04F79EFBC}") = "App1", "App1\App1\App1.csproj", "{1AE92203-B565-43CE-A1DC-CAD1DF8B86B1}"
EndProject
Global
	GlobalSection(SolutionConfigurationPlatforms) = preSolution
		Ad-Hoc|Any CPU = Ad-Hoc|Any CPU
		Ad-Hoc|ARM = Ad-Hoc|ARM
		Ad-Hoc|iPhone = Ad-Hoc|iPhone
		Ad-Hoc|iPhoneSimulator = Ad-Hoc|iPhoneSimulator
		Ad-Hoc|x64 = Ad-Hoc|x64
		Ad-Hoc|x86 = Ad-Hoc|x86
		AppStore|Any CPU = AppStore|Any CPU
		AppStore|ARM = AppStore|ARM
		AppStore|iPhone = AppStore|iPhone
		AppStore|iPhoneSimulator = AppStore|iPhoneSimulator
		AppStore|x64 = AppStore|x64
		AppStore|x86 = AppStore|x86
		Debug|Any CPU = Debug|Any CPU
		Debug|ARM = Debug|ARM
		Debug|iPhone = Debug|iPhone
		Debug|iPhoneSimulator = Debug|iPhoneSimulator
		Debug|x64 = Debug|x64
		Debug|x86 = Debug|x86
		Release|Any CPU = Release|Any CPU
		Release|ARM = Release|ARM
		Release|iPhone = Release|iPhone
		Release|iPhoneSimulator = Release|iPhoneSimulator
		Release|x64 = Release|x64
		Release|x86 = Release|x86
	EndGlobalSection
	GlobalSection(ProjectConfigurationPlatforms) = postSolution
		{2DBBB9AE-F06F-4847-83EE-FB6F59BE21BB}.Ad-Hoc|Any CPU.ActiveCfg = Release|Any CPU
		{2DBBB9AE-F06F-4847-83EE-FB6F59BE21BB}.Ad-Hoc|Any CPU.Build.0 = Release|Any CPU
		{2DBBB9AE-F06F-4847-83EE-FB6F59BE21BB}.Ad-Hoc|Any CPU.Deploy.0 = Release|Any CPU
		{2DBBB9AE-F06F-4847-83EE-FB6F59BE21BB}.Ad-Hoc|ARM.ActiveCfg = Release|Any CPU
		{2DBBB9AE-F06F-4847-83EE-FB6F59BE21BB}.Ad-Hoc|ARM.Build.0 = Release|Any CPU
		{2DBBB9AE-F06F-4847-83EE-FB6F59BE21BB}.Ad-Hoc|ARM.Deploy.0 = Release|Any CPU
		{2DBBB9AE-F06F-4847-83EE-FB6F59BE21BB}.Ad-Hoc|iPhone.ActiveCfg = Release|Any CPU
		{2DBBB9AE-F06F-4847-83EE-FB6F59BE21BB}.Ad-Hoc|iPhone.Build.0 = Release|Any CPU
		{2DBBB9AE-F06F-4847-83EE-FB6F59BE21BB}.Ad-Hoc|iPhone.Deploy.0 = Release|Any CPU
		{2DBBB9AE-F06F-4847-83EE-FB6F59BE21BB}.Ad-Hoc|iPhoneSimulator.ActiveCfg = Release|Any CPU
		{2DBBB9AE-F06F-4847-83EE-FB6F59BE21BB}.Ad-Hoc|iPhoneSimulator.Build.0 = Release|Any CPU
		{2DBBB9AE-F06F-4847-83EE-FB6F59BE21BB}.Ad-Hoc|iPhoneSimulator.Deploy.0 = Release|Any CPU
		{2DBBB9AE-F06F-4847-83EE-FB6F59BE21BB}.Ad-Hoc|x64.ActiveCfg = Release|Any CPU
		{2DBBB9AE-F06F-4847-83EE-FB6F59BE21BB}.Ad-Hoc|x64.Build.0 = Release|Any CPU
		{2DBBB9AE-F06F-4847-83EE-FB6F59BE21BB}.Ad-Hoc|x64.Deploy.0 = Release|Any CPU
		{2DBBB9AE-F06F-4847-83EE-FB6F59BE21BB}.Ad-Hoc|x86.ActiveCfg = Release|Any CPU
		{2DBBB9AE-F06F-4847-83EE-FB6F59BE21BB}.Ad-Hoc|x86.Build.0 = Release|Any CPU
		{2DBBB9AE-F06F-4847-83EE-FB6F59BE21BB}.Ad-Hoc|x86.Deploy.0 = Release|Any CPU
		{2DBBB9AE-F06F-4847-83EE-FB6F59BE21BB}.AppStore|Any CPU.ActiveCfg = Release|Any CPU
		{2DBBB9AE-F06F-4847-83EE-FB6F59BE21BB}.AppStore|Any CPU.Build.0 = Release|Any CPU
		{2DBBB9AE-F06F-4847-83EE-FB6F59BE21BB}.AppStore|Any CPU.Deploy.0 = Release|Any CPU
		{2DBBB9AE-F06F-4847-83EE-FB6F59BE21BB}.AppStore|ARM.ActiveCfg = Release|Any CPU
		{2DBBB9AE-F06F-4847-83EE-FB6F59BE21BB}.AppStore|ARM.Build.0 = Release|Any CPU
		{2DBBB9AE-F06F-4847-83EE-FB6F59BE21BB}.AppStore|ARM.Deploy.0 = Release|Any CPU
		{2DBBB9AE-F06F-4847-83EE-FB6F59BE21BB}.AppStore|iPhone.ActiveCfg = Release|Any CPU
		{2DBBB9AE-F06F-4847-83EE-FB6F59BE21BB}.AppStore|iPhone.Build.0 = Release|Any CPU
		{2DBBB9AE-F06F-4847-83EE-FB6F59BE21BB}.AppStore|iPhone.Deploy.0 = Release|Any CPU
		{2DBBB9AE-F06F-4847-83EE-FB6F59BE21BB}.AppStore|iPhoneSimulator.ActiveCfg = Release|Any CPU
		{2DBBB9AE-F06F-4847-83EE-FB6F59BE21BB}.AppStore|iPhoneSimulator.Build.0 = Release|Any CPU
		{2DBBB9AE-F06F-4847-83EE-FB6F59BE21BB}.AppStore|iPhoneSimulator.Deploy.0 = Release|Any CPU
		{2DBBB9AE-F06F-4847-83EE-FB6F59BE21BB}.AppStore|x64.ActiveCfg = Release|Any CPU
		{2DBBB9AE-F06F-4847-83EE-FB6F59BE21BB}.AppStore|x64.Build.0 = Release|Any CPU
		{2DBBB9AE-F06F-4847-83EE-FB6F59BE21BB}.AppStore|x64.Deploy.0 = Release|Any CPU
		{2DBBB9AE-F06F-4847-83EE-FB6F59BE21BB}.AppStore|x86.ActiveCfg = Release|Any CPU
		{2DBBB9AE-F06F-4847-83EE-FB6F59BE21BB}.AppStore|x86.Build.0 = Release|Any CPU
		{2DBBB9AE-F06F-4847-83EE-FB6F59BE21BB}.AppStore|x86.Deploy.0 = Release|Any CPU
		{2DBBB9AE-F06F-4847-83EE-FB6F59BE21BB}.Debug|Any CPU.ActiveCfg = Debug|Any CPU
		{2DBBB9AE-F06F-4847-83EE-FB6F59BE21BB}.Debug|Any CPU.Build.0 = Debug|Any CPU
		{2DBBB9AE-F06F-4847-83EE-FB6F59BE21BB}.Debug|Any CPU.Deploy.0 = Debug|Any CPU
		{2DBBB9AE-F06F-4847-83EE-FB6F59BE21BB}.Debug|ARM.ActiveCfg = Debug|Any CPU
		{2DBBB9AE-F06F-4847-83EE-FB6F59BE21BB}.Debug|ARM.Build.0 = Debug|Any CPU
		{2DBBB9AE-F06F-4847-83EE-FB6F59BE21BB}.Debug|ARM.Deploy.0 = Debug|Any CPU
		{2DBBB9AE-F06F-4847-83EE-FB6F59BE21BB}.Debug|iPhone.ActiveCfg = Debug|Any CPU
		{2DBBB9AE-F06F-4847-83EE-FB6F59BE21BB}.Debug|iPhone.Build.0 = Debug|Any CPU
		{2DBBB9AE-F06F-4847-83EE-FB6F59BE21BB}.Debug|iPhone.Deploy.0 = Debug|Any CPU
		{2DBBB9AE-F06F-4847-83EE-FB6F59BE21BB}.Debug|iPhoneSimulator.ActiveCfg = Debug|Any CPU
		{2DBBB9AE-F06F-4847-83EE-FB6F59BE21BB}.Debug|iPhoneSimulator.Build.0 = Debug|Any CPU
		{2DBBB9AE-F06F-4847-83EE-FB6F59BE21BB}.Debug|iPhoneSimulator.Deploy.0 = Debug|Any CPU
		{2DBBB9AE-F06F-4847-83EE-FB6F59BE21BB}.Debug|x64.ActiveCfg = Debug|Any CPU
		{2DBBB9AE-F06F-4847-83EE-FB6F59BE21BB}.Debug|x64.Build.0 = Debug|Any CPU
		{2DBBB9AE-F06F-4847-83EE-FB6F59BE21BB}.Debug|x64.Deploy.0 = Debug|Any CPU
		{2DBBB9AE-F06F-4847-83EE-FB6F59BE21BB}.Debug|x86.ActiveCfg = Debug|Any CPU
		{2DBBB9AE-F06F-4847-83EE-FB6F59BE21BB}.Debug|x86.Build.0 = Debug|Any CPU
		{2DBBB9AE-F06F-4847-83EE-FB6F59BE21BB}.Debug|x86.Deploy.0 = Debug|Any CPU
		{2DBBB9AE-F06F-4847-83EE-FB6F59BE21BB}.Release|Any CPU.ActiveCfg = Release|Any CPU
		{2DBBB9AE-F06F-4847-83EE-FB6F59BE21BB}.Release|Any CPU.Build.0 = Release|Any CPU
		{2DBBB9AE-F06F-4847-83EE-FB6F59BE21BB}.Release|Any CPU.Deploy.0 = Release|Any CPU
		{2DBBB9AE-F06F-4847-83EE-FB6F59BE21BB}.Release|ARM.ActiveCfg = Release|Any CPU
		{2DBBB9AE-F06F-4847-83EE-FB6F59BE21BB}.Release|ARM.Build.0 = Release|Any CPU
		{2DBBB9AE-F06F-4847-83EE-FB6F59BE21BB}.Release|ARM.Deploy.0 = Release|Any CPU
		{2DBBB9AE-F06F-4847-83EE-FB6F59BE21BB}.Release|iPhone.ActiveCfg = Release|Any CPU
		{2DBBB9AE-F06F-4847-83EE-FB6F59BE21BB}.Release|iPhone.Build.0 = Release|Any CPU
		{2DBBB9AE-F06F-4847-83EE-FB6F59BE21BB}.Release|iPhone.Deploy.0 = Release|Any CPU
		{2DBBB9AE-F06F-4847-83EE-FB6F59BE21BB}.Release|iPhoneSimulator.ActiveCfg = Release|Any CPU
		{2DBBB9AE-F06F-4847-83EE-FB6F59BE21BB}.Release|iPhoneSimulator.Build.0 = Release|Any CPU
		{2DBBB9AE-F06F-4847-83EE-FB6F59BE21BB}.Release|iPhoneSimulator.Deploy.0 = Release|Any CPU
		{2DBBB9AE-F06F-4847-83EE-FB6F59BE21BB}.Release|x64.ActiveCfg = Release|Any CPU
		{2DBBB9AE-F06F-4847-83EE-FB6F59BE21BB}.Release|x64.Build.0 = Release|Any CPU
		{2DBBB9AE-F06F-4847-83EE-FB6F59BE21BB}.Release|x64.Deploy.0 = Release|Any CPU
		{2DBBB9AE-F06F-4847-83EE-FB6F59BE21BB}.Release|x86.ActiveCfg = Release|Any CPU
		{2DBBB9AE-F06F-4847-83EE-FB6F59BE21BB}.Release|x86.Build.0 = Release|Any CPU
		{2DBBB9AE-F06F-4847-83EE-FB6F59BE21BB}.Release|x86.Deploy.0 = Release|Any CPU
		{5EF423EF-3B56-4AF6-9ADC-F1F23C993064}.Ad-Hoc|Any CPU.ActiveCfg = Ad-Hoc|iPhone
		{5EF423EF-3B56-4AF6-9ADC-F1F23C993064}.Ad-Hoc|ARM.ActiveCfg = Ad-Hoc|iPhone
		{5EF423EF-3B56-4AF6-9ADC-F1F23C993064}.Ad-Hoc|iPhone.ActiveCfg = Ad-Hoc|iPhone
		{5EF423EF-3B56-4AF6-9ADC-F1F23C993064}.Ad-Hoc|iPhone.Build.0 = Ad-Hoc|iPhone
		{5EF423EF-3B56-4AF6-9ADC-F1F23C993064}.Ad-Hoc|iPhoneSimulator.ActiveCfg = Ad-Hoc|iPhoneSimulator
		{5EF423EF-3B56-4AF6-9ADC-F1F23C993064}.Ad-Hoc|iPhoneSimulator.Build.0 = Ad-Hoc|iPhoneSimulator
		{5EF423EF-3B56-4AF6-9ADC-F1F23C993064}.Ad-Hoc|x64.ActiveCfg = Ad-Hoc|iPhone
		{5EF423EF-3B56-4AF6-9ADC-F1F23C993064}.Ad-Hoc|x86.ActiveCfg = Ad-Hoc|iPhone
		{5EF423EF-3B56-4AF6-9ADC-F1F23C993064}.AppStore|Any CPU.ActiveCfg = AppStore|iPhone
		{5EF423EF-3B56-4AF6-9ADC-F1F23C993064}.AppStore|ARM.ActiveCfg = AppStore|iPhone
		{5EF423EF-3B56-4AF6-9ADC-F1F23C993064}.AppStore|iPhone.ActiveCfg = AppStore|iPhone
		{5EF423EF-3B56-4AF6-9ADC-F1F23C993064}.AppStore|iPhone.Build.0 = AppStore|iPhone
		{5EF423EF-3B56-4AF6-9ADC-F1F23C993064}.AppStore|iPhoneSimulator.ActiveCfg = AppStore|iPhoneSimulator
		{5EF423EF-3B56-4AF6-9ADC-F1F23C993064}.AppStore|iPhoneSimulator.Build.0 = AppStore|iPhoneSimulator
		{5EF423EF-3B56-4AF6-9ADC-F1F23C993064}.AppStore|x64.ActiveCfg = AppStore|iPhone
		{5EF423EF-3B56-4AF6-9ADC-F1F23C993064}.AppStore|x86.ActiveCfg = AppStore|iPhone
		{5EF423EF-3B56-4AF6-9ADC-F1F23C993064}.Debug|Any CPU.ActiveCfg = Debug|iPhone
		{5EF423EF-3B56-4AF6-9ADC-F1F23C993064}.Debug|ARM.ActiveCfg = Debug|iPhone
		{5EF423EF-3B56-4AF6-9ADC-F1F23C993064}.Debug|iPhone.ActiveCfg = Debug|iPhone
		{5EF423EF-3B56-4AF6-9ADC-F1F23C993064}.Debug|iPhone.Build.0 = Debug|iPhone
		{5EF423EF-3B56-4AF6-9ADC-F1F23C993064}.Debug|iPhoneSimulator.ActiveCfg = Debug|iPhoneSimulator
		{5EF423EF-3B56-4AF6-9ADC-F1F23C993064}.Debug|iPhoneSimulator.Build.0 = Debug|iPhoneSimulator
		{5EF423EF-3B56-4AF6-9ADC-F1F23C993064}.Debug|x64.ActiveCfg = Debug|iPhone
		{5EF423EF-3B56-4AF6-9ADC-F1F23C993064}.Debug|x86.ActiveCfg = Debug|iPhone
		{5EF423EF-3B56-4AF6-9ADC-F1F23C993064}.Release|Any CPU.ActiveCfg = Release|iPhone
		{5EF423EF-3B56-4AF6-9ADC-F1F23C993064}.Release|ARM.ActiveCfg = Release|iPhone
		{5EF423EF-3B56-4AF6-9ADC-F1F23C993064}.Release|iPhone.ActiveCfg = Release|iPhone
		{5EF423EF-3B56-4AF6-9ADC-F1F23C993064}.Release|iPhone.Build.0 = Release|iPhone
		{5EF423EF-3B56-4AF6-9ADC-F1F23C993064}.Release|iPhoneSimulator.ActiveCfg = Release|iPhoneSimulator
		{5EF423EF-3B56-4AF6-9ADC-F1F23C993064}.Release|iPhoneSimulator.Build.0 = Release|iPhoneSimulator
		{5EF423EF-3B56-4AF6-9ADC-F1F23C993064}.Release|x64.ActiveCfg = Release|iPhone
		{5EF423EF-3B56-4AF6-9ADC-F1F23C993064}.Release|x86.ActiveCfg = Release|iPhone
		{0F7FCAB8-2ABA-43CE-A619-D0C2C9B06282}.Ad-Hoc|Any CPU.ActiveCfg = Release|Any CPU
		{0F7FCAB8-2ABA-43CE-A619-D0C2C9B06282}.Ad-Hoc|Any CPU.Build.0 = Release|Any CPU
		{0F7FCAB8-2ABA-43CE-A619-D0C2C9B06282}.Ad-Hoc|Any CPU.Deploy.0 = Release|Any CPU
		{0F7FCAB8-2ABA-43CE-A619-D0C2C9B06282}.Ad-Hoc|ARM.ActiveCfg = Release|ARM
		{0F7FCAB8-2ABA-43CE-A619-D0C2C9B06282}.Ad-Hoc|ARM.Build.0 = Release|ARM
		{0F7FCAB8-2ABA-43CE-A619-D0C2C9B06282}.Ad-Hoc|ARM.Deploy.0 = Release|ARM
		{0F7FCAB8-2ABA-43CE-A619-D0C2C9B06282}.Ad-Hoc|iPhone.ActiveCfg = Release|Any CPU
		{0F7FCAB8-2ABA-43CE-A619-D0C2C9B06282}.Ad-Hoc|iPhone.Build.0 = Release|Any CPU
		{0F7FCAB8-2ABA-43CE-A619-D0C2C9B06282}.Ad-Hoc|iPhone.Deploy.0 = Release|Any CPU
		{0F7FCAB8-2ABA-43CE-A619-D0C2C9B06282}.Ad-Hoc|iPhoneSimulator.ActiveCfg = Release|Any CPU
		{0F7FCAB8-2ABA-43CE-A619-D0C2C9B06282}.Ad-Hoc|iPhoneSimulator.Build.0 = Release|Any CPU
		{0F7FCAB8-2ABA-43CE-A619-D0C2C9B06282}.Ad-Hoc|iPhoneSimulator.Deploy.0 = Release|Any CPU
		{0F7FCAB8-2ABA-43CE-A619-D0C2C9B06282}.Ad-Hoc|x64.ActiveCfg = Release|Any CPU
		{0F7FCAB8-2ABA-43CE-A619-D0C2C9B06282}.Ad-Hoc|x64.Build.0 = Release|Any CPU
		{0F7FCAB8-2ABA-43CE-A619-D0C2C9B06282}.Ad-Hoc|x64.Deploy.0 = Release|Any CPU
		{0F7FCAB8-2ABA-43CE-A619-D0C2C9B06282}.Ad-Hoc|x86.ActiveCfg = Release|x86
		{0F7FCAB8-2ABA-43CE-A619-D0C2C9B06282}.Ad-Hoc|x86.Build.0 = Release|x86
		{0F7FCAB8-2ABA-43CE-A619-D0C2C9B06282}.Ad-Hoc|x86.Deploy.0 = Release|x86
		{0F7FCAB8-2ABA-43CE-A619-D0C2C9B06282}.AppStore|Any CPU.ActiveCfg = Release|Any CPU
		{0F7FCAB8-2ABA-43CE-A619-D0C2C9B06282}.AppStore|Any CPU.Build.0 = Release|Any CPU
		{0F7FCAB8-2ABA-43CE-A619-D0C2C9B06282}.AppStore|Any CPU.Deploy.0 = Release|Any CPU
		{0F7FCAB8-2ABA-43CE-A619-D0C2C9B06282}.AppStore|ARM.ActiveCfg = Release|ARM
		{0F7FCAB8-2ABA-43CE-A619-D0C2C9B06282}.AppStore|ARM.Build.0 = Release|ARM
		{0F7FCAB8-2ABA-43CE-A619-D0C2C9B06282}.AppStore|ARM.Deploy.0 = Release|ARM
		{0F7FCAB8-2ABA-43CE-A619-D0C2C9B06282}.AppStore|iPhone.ActiveCfg = Release|Any CPU
		{0F7FCAB8-2ABA-43CE-A619-D0C2C9B06282}.AppStore|iPhone.Build.0 = Release|Any CPU
		{0F7FCAB8-2ABA-43CE-A619-D0C2C9B06282}.AppStore|iPhone.Deploy.0 = Release|Any CPU
		{0F7FCAB8-2ABA-43CE-A619-D0C2C9B06282}.AppStore|iPhoneSimulator.ActiveCfg = Release|Any CPU
		{0F7FCAB8-2ABA-43CE-A619-D0C2C9B06282}.AppStore|iPhoneSimulator.Build.0 = Release|Any CPU
		{0F7FCAB8-2ABA-43CE-A619-D0C2C9B06282}.AppStore|iPhoneSimulator.Deploy.0 = Release|Any CPU
		{0F7FCAB8-2ABA-43CE-A619-D0C2C9B06282}.AppStore|x64.ActiveCfg = Release|Any CPU
		{0F7FCAB8-2ABA-43CE-A619-D0C2C9B06282}.AppStore|x64.Build.0 = Release|Any CPU
		{0F7FCAB8-2ABA-43CE-A619-D0C2C9B06282}.AppStore|x64.Deploy.0 = Release|Any CPU
		{0F7FCAB8-2ABA-43CE-A619-D0C2C9B06282}.AppStore|x86.ActiveCfg = Release|x86
		{0F7FCAB8-2ABA-43CE-A619-D0C2C9B06282}.AppStore|x86.Build.0 = Release|x86
		{0F7FCAB8-2ABA-43CE-A619-D0C2C9B06282}.AppStore|x86.Deploy.0 = Release|x86
		{0F7FCAB8-2ABA-43CE-A619-D0C2C9B06282}.Debug|Any CPU.ActiveCfg = Debug|Any CPU
		{0F7FCAB8-2ABA-43CE-A619-D0C2C9B06282}.Debug|Any CPU.Build.0 = Debug|Any CPU
		{0F7FCAB8-2ABA-43CE-A619-D0C2C9B06282}.Debug|Any CPU.Deploy.0 = Debug|Any CPU
		{0F7FCAB8-2ABA-43CE-A619-D0C2C9B06282}.Debug|ARM.ActiveCfg = Debug|ARM
		{0F7FCAB8-2ABA-43CE-A619-D0C2C9B06282}.Debug|ARM.Build.0 = Debug|ARM
		{0F7FCAB8-2ABA-43CE-A619-D0C2C9B06282}.Debug|ARM.Deploy.0 = Debug|ARM
		{0F7FCAB8-2ABA-43CE-A619-D0C2C9B06282}.Debug|iPhone.ActiveCfg = Debug|Any CPU
		{0F7FCAB8-2ABA-43CE-A619-D0C2C9B06282}.Debug|iPhone.Build.0 = Debug|Any CPU
		{0F7FCAB8-2ABA-43CE-A619-D0C2C9B06282}.Debug|iPhone.Deploy.0 = Debug|Any CPU
		{0F7FCAB8-2ABA-43CE-A619-D0C2C9B06282}.Debug|iPhoneSimulator.ActiveCfg = Debug|Any CPU
		{0F7FCAB8-2ABA-43CE-A619-D0C2C9B06282}.Debug|iPhoneSimulator.Build.0 = Debug|Any CPU
		{0F7FCAB8-2ABA-43CE-A619-D0C2C9B06282}.Debug|iPhoneSimulator.Deploy.0 = Debug|Any CPU
		{0F7FCAB8-2ABA-43CE-A619-D0C2C9B06282}.Debug|x64.ActiveCfg = Debug|Any CPU
		{0F7FCAB8-2ABA-43CE-A619-D0C2C9B06282}.Debug|x64.Build.0 = Debug|Any CPU
		{0F7FCAB8-2ABA-43CE-A619-D0C2C9B06282}.Debug|x64.Deploy.0 = Debug|Any CPU
		{0F7FCAB8-2ABA-43CE-A619-D0C2C9B06282}.Debug|x86.ActiveCfg = Debug|x86
		{0F7FCAB8-2ABA-43CE-A619-D0C2C9B06282}.Debug|x86.Build.0 = Debug|x86
		{0F7FCAB8-2ABA-43CE-A619-D0C2C9B06282}.Debug|x86.Deploy.0 = Debug|x86
		{0F7FCAB8-2ABA-43CE-A619-D0C2C9B06282}.Release|Any CPU.ActiveCfg = Release|Any CPU
		{0F7FCAB8-2ABA-43CE-A619-D0C2C9B06282}.Release|Any CPU.Build.0 = Release|Any CPU
		{0F7FCAB8-2ABA-43CE-A619-D0C2C9B06282}.Release|Any CPU.Deploy.0 = Release|Any CPU
		{0F7FCAB8-2ABA-43CE-A619-D0C2C9B06282}.Release|ARM.ActiveCfg = Release|ARM
		{0F7FCAB8-2ABA-43CE-A619-D0C2C9B06282}.Release|ARM.Build.0 = Release|ARM
		{0F7FCAB8-2ABA-43CE-A619-D0C2C9B06282}.Release|ARM.Deploy.0 = Release|ARM
		{0F7FCAB8-2ABA-43CE-A619-D0C2C9B06282}.Release|iPhone.ActiveCfg = Release|Any CPU
		{0F7FCAB8-2ABA-43CE-A619-D0C2C9B06282}.Release|iPhone.Build.0 = Release|Any CPU
		{0F7FCAB8-2ABA-43CE-A619-D0C2C9B06282}.Release|iPhone.Deploy.0 = Release|Any CPU
		{0F7FCAB8-2ABA-43CE-A619-D0C2C9B06282}.Release|iPhoneSimulator.ActiveCfg = Release|Any CPU
		{0F7FCAB8-2ABA-43CE-A619-D0C2C9B06282}.Release|iPhoneSimulator.Build.0 = Release|Any CPU
		{0F7FCAB8-2ABA-43CE-A619-D0C2C9B06282}.Release|iPhoneSimulator.Deploy.0 = Release|Any CPU
		{0F7FCAB8-2ABA-43CE-A619-D0C2C9B06282}.Release|x64.ActiveCfg = Release|Any CPU
		{0F7FCAB8-2ABA-43CE-A619-D0C2C9B06282}.Release|x64.Build.0 = Release|Any CPU
		{0F7FCAB8-2ABA-43CE-A619-D0C2C9B06282}.Release|x64.Deploy.0 = Release|Any CPU
		{0F7FCAB8-2ABA-43CE-A619-D0C2C9B06282}.Release|x86.ActiveCfg = Release|x86
		{0F7FCAB8-2ABA-43CE-A619-D0C2C9B06282}.Release|x86.Build.0 = Release|x86
		{0F7FCAB8-2ABA-43CE-A619-D0C2C9B06282}.Release|x86.Deploy.0 = Release|x86
		{A408B98E-CA0B-4965-AFE8-AED30854F223}.Ad-Hoc|Any CPU.ActiveCfg = Release|x86
		{A408B98E-CA0B-4965-AFE8-AED30854F223}.Ad-Hoc|Any CPU.Build.0 = Release|x86
		{A408B98E-CA0B-4965-AFE8-AED30854F223}.Ad-Hoc|Any CPU.Deploy.0 = Release|x86
		{A408B98E-CA0B-4965-AFE8-AED30854F223}.Ad-Hoc|ARM.ActiveCfg = Release|ARM
		{A408B98E-CA0B-4965-AFE8-AED30854F223}.Ad-Hoc|ARM.Build.0 = Release|ARM
		{A408B98E-CA0B-4965-AFE8-AED30854F223}.Ad-Hoc|ARM.Deploy.0 = Release|ARM
		{A408B98E-CA0B-4965-AFE8-AED30854F223}.Ad-Hoc|iPhone.ActiveCfg = Release|x86
		{A408B98E-CA0B-4965-AFE8-AED30854F223}.Ad-Hoc|iPhone.Build.0 = Release|x86
		{A408B98E-CA0B-4965-AFE8-AED30854F223}.Ad-Hoc|iPhone.Deploy.0 = Release|x86
		{A408B98E-CA0B-4965-AFE8-AED30854F223}.Ad-Hoc|iPhoneSimulator.ActiveCfg = Release|x86
		{A408B98E-CA0B-4965-AFE8-AED30854F223}.Ad-Hoc|iPhoneSimulator.Build.0 = Release|x86
		{A408B98E-CA0B-4965-AFE8-AED30854F223}.Ad-Hoc|iPhoneSimulator.Deploy.0 = Release|x86
		{A408B98E-CA0B-4965-AFE8-AED30854F223}.Ad-Hoc|x64.ActiveCfg = Release|x64
		{A408B98E-CA0B-4965-AFE8-AED30854F223}.Ad-Hoc|x64.Build.0 = Release|x64
		{A408B98E-CA0B-4965-AFE8-AED30854F223}.Ad-Hoc|x64.Deploy.0 = Release|x64
		{A408B98E-CA0B-4965-AFE8-AED30854F223}.Ad-Hoc|x86.ActiveCfg = Release|x86
		{A408B98E-CA0B-4965-AFE8-AED30854F223}.Ad-Hoc|x86.Build.0 = Release|x86
		{A408B98E-CA0B-4965-AFE8-AED30854F223}.Ad-Hoc|x86.Deploy.0 = Release|x86
		{A408B98E-CA0B-4965-AFE8-AED30854F223}.AppStore|Any CPU.ActiveCfg = Release|x86
		{A408B98E-CA0B-4965-AFE8-AED30854F223}.AppStore|Any CPU.Build.0 = Release|x86
		{A408B98E-CA0B-4965-AFE8-AED30854F223}.AppStore|Any CPU.Deploy.0 = Release|x86
		{A408B98E-CA0B-4965-AFE8-AED30854F223}.AppStore|ARM.ActiveCfg = Release|ARM
		{A408B98E-CA0B-4965-AFE8-AED30854F223}.AppStore|ARM.Build.0 = Release|ARM
		{A408B98E-CA0B-4965-AFE8-AED30854F223}.AppStore|ARM.Deploy.0 = Release|ARM
		{A408B98E-CA0B-4965-AFE8-AED30854F223}.AppStore|iPhone.ActiveCfg = Release|x86
		{A408B98E-CA0B-4965-AFE8-AED30854F223}.AppStore|iPhone.Build.0 = Release|x86
		{A408B98E-CA0B-4965-AFE8-AED30854F223}.AppStore|iPhone.Deploy.0 = Release|x86
		{A408B98E-CA0B-4965-AFE8-AED30854F223}.AppStore|iPhoneSimulator.ActiveCfg = Release|x86
		{A408B98E-CA0B-4965-AFE8-AED30854F223}.AppStore|iPhoneSimulator.Build.0 = Release|x86
		{A408B98E-CA0B-4965-AFE8-AED30854F223}.AppStore|iPhoneSimulator.Deploy.0 = Release|x86
		{A408B98E-CA0B-4965-AFE8-AED30854F223}.AppStore|x64.ActiveCfg = Release|x64
		{A408B98E-CA0B-4965-AFE8-AED30854F223}.AppStore|x64.Build.0 = Release|x64
		{A408B98E-CA0B-4965-AFE8-AED30854F223}.AppStore|x64.Deploy.0 = Release|x64
		{A408B98E-CA0B-4965-AFE8-AED30854F223}.AppStore|x86.ActiveCfg = Release|x86
		{A408B98E-CA0B-4965-AFE8-AED30854F223}.AppStore|x86.Build.0 = Release|x86
		{A408B98E-CA0B-4965-AFE8-AED30854F223}.AppStore|x86.Deploy.0 = Release|x86
		{A408B98E-CA0B-4965-AFE8-AED30854F223}.Debug|Any CPU.ActiveCfg = Debug|x86
		{A408B98E-CA0B-4965-AFE8-AED30854F223}.Debug|ARM.ActiveCfg = Debug|ARM
		{A408B98E-CA0B-4965-AFE8-AED30854F223}.Debug|ARM.Build.0 = Debug|ARM
		{A408B98E-CA0B-4965-AFE8-AED30854F223}.Debug|ARM.Deploy.0 = Debug|ARM
		{A408B98E-CA0B-4965-AFE8-AED30854F223}.Debug|iPhone.ActiveCfg = Debug|x86
		{A408B98E-CA0B-4965-AFE8-AED30854F223}.Debug|iPhoneSimulator.ActiveCfg = Debug|x86
		{A408B98E-CA0B-4965-AFE8-AED30854F223}.Debug|x64.ActiveCfg = Debug|x64
		{A408B98E-CA0B-4965-AFE8-AED30854F223}.Debug|x64.Build.0 = Debug|x64
		{A408B98E-CA0B-4965-AFE8-AED30854F223}.Debug|x64.Deploy.0 = Debug|x64
		{A408B98E-CA0B-4965-AFE8-AED30854F223}.Debug|x86.ActiveCfg = Debug|x86
		{A408B98E-CA0B-4965-AFE8-AED30854F223}.Debug|x86.Build.0 = Debug|x86
		{A408B98E-CA0B-4965-AFE8-AED30854F223}.Debug|x86.Deploy.0 = Debug|x86
		{A408B98E-CA0B-4965-AFE8-AED30854F223}.Release|Any CPU.ActiveCfg = Release|x86
		{A408B98E-CA0B-4965-AFE8-AED30854F223}.Release|ARM.ActiveCfg = Release|ARM
		{A408B98E-CA0B-4965-AFE8-AED30854F223}.Release|ARM.Build.0 = Release|ARM
		{A408B98E-CA0B-4965-AFE8-AED30854F223}.Release|ARM.Deploy.0 = Release|ARM
		{A408B98E-CA0B-4965-AFE8-AED30854F223}.Release|iPhone.ActiveCfg = Release|x86
		{A408B98E-CA0B-4965-AFE8-AED30854F223}.Release|iPhoneSimulator.ActiveCfg = Release|x86
		{A408B98E-CA0B-4965-AFE8-AED30854F223}.Release|x64.ActiveCfg = Release|x64
		{A408B98E-CA0B-4965-AFE8-AED30854F223}.Release|x64.Build.0 = Release|x64
		{A408B98E-CA0B-4965-AFE8-AED30854F223}.Release|x64.Deploy.0 = Release|x64
		{A408B98E-CA0B-4965-AFE8-AED30854F223}.Release|x86.ActiveCfg = Release|x86
		{A408B98E-CA0B-4965-AFE8-AED30854F223}.Release|x86.Build.0 = Release|x86
		{A408B98E-CA0B-4965-AFE8-AED30854F223}.Release|x86.Deploy.0 = Release|x86
		{0D107DCF-6D4B-491C-B1ED-E67CFC0AA14D}.Ad-Hoc|Any CPU.ActiveCfg = Release|Any CPU
		{0D107DCF-6D4B-491C-B1ED-E67CFC0AA14D}.Ad-Hoc|Any CPU.Build.0 = Release|Any CPU
		{0D107DCF-6D4B-491C-B1ED-E67CFC0AA14D}.Ad-Hoc|Any CPU.Deploy.0 = Release|Any CPU
		{0D107DCF-6D4B-491C-B1ED-E67CFC0AA14D}.Ad-Hoc|ARM.ActiveCfg = Release|ARM
		{0D107DCF-6D4B-491C-B1ED-E67CFC0AA14D}.Ad-Hoc|ARM.Build.0 = Release|ARM
		{0D107DCF-6D4B-491C-B1ED-E67CFC0AA14D}.Ad-Hoc|ARM.Deploy.0 = Release|ARM
		{0D107DCF-6D4B-491C-B1ED-E67CFC0AA14D}.Ad-Hoc|iPhone.ActiveCfg = Release|Any CPU
		{0D107DCF-6D4B-491C-B1ED-E67CFC0AA14D}.Ad-Hoc|iPhone.Build.0 = Release|Any CPU
		{0D107DCF-6D4B-491C-B1ED-E67CFC0AA14D}.Ad-Hoc|iPhone.Deploy.0 = Release|Any CPU
		{0D107DCF-6D4B-491C-B1ED-E67CFC0AA14D}.Ad-Hoc|iPhoneSimulator.ActiveCfg = Release|Any CPU
		{0D107DCF-6D4B-491C-B1ED-E67CFC0AA14D}.Ad-Hoc|iPhoneSimulator.Build.0 = Release|Any CPU
		{0D107DCF-6D4B-491C-B1ED-E67CFC0AA14D}.Ad-Hoc|iPhoneSimulator.Deploy.0 = Release|Any CPU
		{0D107DCF-6D4B-491C-B1ED-E67CFC0AA14D}.Ad-Hoc|x64.ActiveCfg = Release|x64
		{0D107DCF-6D4B-491C-B1ED-E67CFC0AA14D}.Ad-Hoc|x64.Build.0 = Release|x64
		{0D107DCF-6D4B-491C-B1ED-E67CFC0AA14D}.Ad-Hoc|x64.Deploy.0 = Release|x64
		{0D107DCF-6D4B-491C-B1ED-E67CFC0AA14D}.Ad-Hoc|x86.ActiveCfg = Release|x86
		{0D107DCF-6D4B-491C-B1ED-E67CFC0AA14D}.Ad-Hoc|x86.Build.0 = Release|x86
		{0D107DCF-6D4B-491C-B1ED-E67CFC0AA14D}.Ad-Hoc|x86.Deploy.0 = Release|x86
		{0D107DCF-6D4B-491C-B1ED-E67CFC0AA14D}.AppStore|Any CPU.ActiveCfg = Release|Any CPU
		{0D107DCF-6D4B-491C-B1ED-E67CFC0AA14D}.AppStore|Any CPU.Build.0 = Release|Any CPU
		{0D107DCF-6D4B-491C-B1ED-E67CFC0AA14D}.AppStore|Any CPU.Deploy.0 = Release|Any CPU
		{0D107DCF-6D4B-491C-B1ED-E67CFC0AA14D}.AppStore|ARM.ActiveCfg = Release|ARM
		{0D107DCF-6D4B-491C-B1ED-E67CFC0AA14D}.AppStore|ARM.Build.0 = Release|ARM
		{0D107DCF-6D4B-491C-B1ED-E67CFC0AA14D}.AppStore|ARM.Deploy.0 = Release|ARM
		{0D107DCF-6D4B-491C-B1ED-E67CFC0AA14D}.AppStore|iPhone.ActiveCfg = Release|Any CPU
		{0D107DCF-6D4B-491C-B1ED-E67CFC0AA14D}.AppStore|iPhone.Build.0 = Release|Any CPU
		{0D107DCF-6D4B-491C-B1ED-E67CFC0AA14D}.AppStore|iPhone.Deploy.0 = Release|Any CPU
		{0D107DCF-6D4B-491C-B1ED-E67CFC0AA14D}.AppStore|iPhoneSimulator.ActiveCfg = Release|Any CPU
		{0D107DCF-6D4B-491C-B1ED-E67CFC0AA14D}.AppStore|iPhoneSimulator.Build.0 = Release|Any CPU
		{0D107DCF-6D4B-491C-B1ED-E67CFC0AA14D}.AppStore|iPhoneSimulator.Deploy.0 = Release|Any CPU
		{0D107DCF-6D4B-491C-B1ED-E67CFC0AA14D}.AppStore|x64.ActiveCfg = Release|x64
		{0D107DCF-6D4B-491C-B1ED-E67CFC0AA14D}.AppStore|x64.Build.0 = Release|x64
		{0D107DCF-6D4B-491C-B1ED-E67CFC0AA14D}.AppStore|x64.Deploy.0 = Release|x64
		{0D107DCF-6D4B-491C-B1ED-E67CFC0AA14D}.AppStore|x86.ActiveCfg = Release|x86
		{0D107DCF-6D4B-491C-B1ED-E67CFC0AA14D}.AppStore|x86.Build.0 = Release|x86
		{0D107DCF-6D4B-491C-B1ED-E67CFC0AA14D}.AppStore|x86.Deploy.0 = Release|x86
		{0D107DCF-6D4B-491C-B1ED-E67CFC0AA14D}.Debug|Any CPU.ActiveCfg = Debug|Any CPU
		{0D107DCF-6D4B-491C-B1ED-E67CFC0AA14D}.Debug|Any CPU.Build.0 = Debug|Any CPU
		{0D107DCF-6D4B-491C-B1ED-E67CFC0AA14D}.Debug|Any CPU.Deploy.0 = Debug|Any CPU
		{0D107DCF-6D4B-491C-B1ED-E67CFC0AA14D}.Debug|ARM.ActiveCfg = Debug|ARM
		{0D107DCF-6D4B-491C-B1ED-E67CFC0AA14D}.Debug|ARM.Build.0 = Debug|ARM
		{0D107DCF-6D4B-491C-B1ED-E67CFC0AA14D}.Debug|ARM.Deploy.0 = Debug|ARM
		{0D107DCF-6D4B-491C-B1ED-E67CFC0AA14D}.Debug|iPhone.ActiveCfg = Debug|Any CPU
		{0D107DCF-6D4B-491C-B1ED-E67CFC0AA14D}.Debug|iPhone.Build.0 = Debug|Any CPU
		{0D107DCF-6D4B-491C-B1ED-E67CFC0AA14D}.Debug|iPhone.Deploy.0 = Debug|Any CPU
		{0D107DCF-6D4B-491C-B1ED-E67CFC0AA14D}.Debug|iPhoneSimulator.ActiveCfg = Debug|Any CPU
		{0D107DCF-6D4B-491C-B1ED-E67CFC0AA14D}.Debug|iPhoneSimulator.Build.0 = Debug|Any CPU
		{0D107DCF-6D4B-491C-B1ED-E67CFC0AA14D}.Debug|iPhoneSimulator.Deploy.0 = Debug|Any CPU
		{0D107DCF-6D4B-491C-B1ED-E67CFC0AA14D}.Debug|x64.ActiveCfg = Debug|x64
		{0D107DCF-6D4B-491C-B1ED-E67CFC0AA14D}.Debug|x64.Build.0 = Debug|x64
		{0D107DCF-6D4B-491C-B1ED-E67CFC0AA14D}.Debug|x64.Deploy.0 = Debug|x64
		{0D107DCF-6D4B-491C-B1ED-E67CFC0AA14D}.Debug|x86.ActiveCfg = Debug|x86
		{0D107DCF-6D4B-491C-B1ED-E67CFC0AA14D}.Debug|x86.Build.0 = Debug|x86
		{0D107DCF-6D4B-491C-B1ED-E67CFC0AA14D}.Debug|x86.Deploy.0 = Debug|x86
		{0D107DCF-6D4B-491C-B1ED-E67CFC0AA14D}.Release|Any CPU.ActiveCfg = Release|Any CPU
		{0D107DCF-6D4B-491C-B1ED-E67CFC0AA14D}.Release|Any CPU.Build.0 = Release|Any CPU
		{0D107DCF-6D4B-491C-B1ED-E67CFC0AA14D}.Release|Any CPU.Deploy.0 = Release|Any CPU
		{0D107DCF-6D4B-491C-B1ED-E67CFC0AA14D}.Release|ARM.ActiveCfg = Release|ARM
		{0D107DCF-6D4B-491C-B1ED-E67CFC0AA14D}.Release|ARM.Build.0 = Release|ARM
		{0D107DCF-6D4B-491C-B1ED-E67CFC0AA14D}.Release|ARM.Deploy.0 = Release|ARM
		{0D107DCF-6D4B-491C-B1ED-E67CFC0AA14D}.Release|iPhone.ActiveCfg = Release|Any CPU
		{0D107DCF-6D4B-491C-B1ED-E67CFC0AA14D}.Release|iPhone.Build.0 = Release|Any CPU
		{0D107DCF-6D4B-491C-B1ED-E67CFC0AA14D}.Release|iPhone.Deploy.0 = Release|Any CPU
		{0D107DCF-6D4B-491C-B1ED-E67CFC0AA14D}.Release|iPhoneSimulator.ActiveCfg = Release|Any CPU
		{0D107DCF-6D4B-491C-B1ED-E67CFC0AA14D}.Release|iPhoneSimulator.Build.0 = Release|Any CPU
		{0D107DCF-6D4B-491C-B1ED-E67CFC0AA14D}.Release|iPhoneSimulator.Deploy.0 = Release|Any CPU
		{0D107DCF-6D4B-491C-B1ED-E67CFC0AA14D}.Release|x64.ActiveCfg = Release|x64
		{0D107DCF-6D4B-491C-B1ED-E67CFC0AA14D}.Release|x64.Build.0 = Release|x64
		{0D107DCF-6D4B-491C-B1ED-E67CFC0AA14D}.Release|x64.Deploy.0 = Release|x64
		{0D107DCF-6D4B-491C-B1ED-E67CFC0AA14D}.Release|x86.ActiveCfg = Release|x86
		{0D107DCF-6D4B-491C-B1ED-E67CFC0AA14D}.Release|x86.Build.0 = Release|x86
		{0D107DCF-6D4B-491C-B1ED-E67CFC0AA14D}.Release|x86.Deploy.0 = Release|x86
		{1AE92203-B565-43CE-A1DC-CAD1DF8B86B1}.Ad-Hoc|Any CPU.ActiveCfg = Release|Any CPU
		{1AE92203-B565-43CE-A1DC-CAD1DF8B86B1}.Ad-Hoc|Any CPU.Build.0 = Release|Any CPU
		{1AE92203-B565-43CE-A1DC-CAD1DF8B86B1}.Ad-Hoc|ARM.ActiveCfg = Release|Any CPU
		{1AE92203-B565-43CE-A1DC-CAD1DF8B86B1}.Ad-Hoc|ARM.Build.0 = Release|Any CPU
		{1AE92203-B565-43CE-A1DC-CAD1DF8B86B1}.Ad-Hoc|iPhone.ActiveCfg = Release|Any CPU
		{1AE92203-B565-43CE-A1DC-CAD1DF8B86B1}.Ad-Hoc|iPhone.Build.0 = Release|Any CPU
		{1AE92203-B565-43CE-A1DC-CAD1DF8B86B1}.Ad-Hoc|iPhoneSimulator.ActiveCfg = Release|Any CPU
		{1AE92203-B565-43CE-A1DC-CAD1DF8B86B1}.Ad-Hoc|iPhoneSimulator.Build.0 = Release|Any CPU
		{1AE92203-B565-43CE-A1DC-CAD1DF8B86B1}.Ad-Hoc|x64.ActiveCfg = Release|Any CPU
		{1AE92203-B565-43CE-A1DC-CAD1DF8B86B1}.Ad-Hoc|x64.Build.0 = Release|Any CPU
		{1AE92203-B565-43CE-A1DC-CAD1DF8B86B1}.Ad-Hoc|x86.ActiveCfg = Release|Any CPU
		{1AE92203-B565-43CE-A1DC-CAD1DF8B86B1}.Ad-Hoc|x86.Build.0 = Release|Any CPU
		{1AE92203-B565-43CE-A1DC-CAD1DF8B86B1}.AppStore|Any CPU.ActiveCfg = Release|Any CPU
		{1AE92203-B565-43CE-A1DC-CAD1DF8B86B1}.AppStore|Any CPU.Build.0 = Release|Any CPU
		{1AE92203-B565-43CE-A1DC-CAD1DF8B86B1}.AppStore|ARM.ActiveCfg = Release|Any CPU
		{1AE92203-B565-43CE-A1DC-CAD1DF8B86B1}.AppStore|ARM.Build.0 = Release|Any CPU
		{1AE92203-B565-43CE-A1DC-CAD1DF8B86B1}.AppStore|iPhone.ActiveCfg = Release|Any CPU
		{1AE92203-B565-43CE-A1DC-CAD1DF8B86B1}.AppStore|iPhone.Build.0 = Release|Any CPU
		{1AE92203-B565-43CE-A1DC-CAD1DF8B86B1}.AppStore|iPhoneSimulator.ActiveCfg = Release|Any CPU
		{1AE92203-B565-43CE-A1DC-CAD1DF8B86B1}.AppStore|iPhoneSimulator.Build.0 = Release|Any CPU
		{1AE92203-B565-43CE-A1DC-CAD1DF8B86B1}.AppStore|x64.ActiveCfg = Release|Any CPU
		{1AE92203-B565-43CE-A1DC-CAD1DF8B86B1}.AppStore|x64.Build.0 = Release|Any CPU
		{1AE92203-B565-43CE-A1DC-CAD1DF8B86B1}.AppStore|x86.ActiveCfg = Release|Any CPU
		{1AE92203-B565-43CE-A1DC-CAD1DF8B86B1}.AppStore|x86.Build.0 = Release|Any CPU
		{1AE92203-B565-43CE-A1DC-CAD1DF8B86B1}.Debug|Any CPU.ActiveCfg = Debug|Any CPU
		{1AE92203-B565-43CE-A1DC-CAD1DF8B86B1}.Debug|Any CPU.Build.0 = Debug|Any CPU
		{1AE92203-B565-43CE-A1DC-CAD1DF8B86B1}.Debug|ARM.ActiveCfg = Debug|Any CPU
		{1AE92203-B565-43CE-A1DC-CAD1DF8B86B1}.Debug|ARM.Build.0 = Debug|Any CPU
		{1AE92203-B565-43CE-A1DC-CAD1DF8B86B1}.Debug|iPhone.ActiveCfg = Debug|Any CPU
		{1AE92203-B565-43CE-A1DC-CAD1DF8B86B1}.Debug|iPhone.Build.0 = Debug|Any CPU
		{1AE92203-B565-43CE-A1DC-CAD1DF8B86B1}.Debug|iPhoneSimulator.ActiveCfg = Debug|Any CPU
		{1AE92203-B565-43CE-A1DC-CAD1DF8B86B1}.Debug|iPhoneSimulator.Build.0 = Debug|Any CPU
		{1AE92203-B565-43CE-A1DC-CAD1DF8B86B1}.Debug|x64.ActiveCfg = Debug|Any CPU
		{1AE92203-B565-43CE-A1DC-CAD1DF8B86B1}.Debug|x64.Build.0 = Debug|Any CPU
		{1AE92203-B565-43CE-A1DC-CAD1DF8B86B1}.Debug|x86.ActiveCfg = Debug|Any CPU
		{1AE92203-B565-43CE-A1DC-CAD1DF8B86B1}.Debug|x86.Build.0 = Debug|Any CPU
		{1AE92203-B565-43CE-A1DC-CAD1DF8B86B1}.Release|Any CPU.ActiveCfg = Release|Any CPU
		{1AE92203-B565-43CE-A1DC-CAD1DF8B86B1}.Release|Any CPU.Build.0 = Release|Any CPU
		{1AE92203-B565-43CE-A1DC-CAD1DF8B86B1}.Release|ARM.ActiveCfg = Release|Any CPU
		{1AE92203-B565-43CE-A1DC-CAD1DF8B86B1}.Release|ARM.Build.0 = Release|Any CPU
		{1AE92203-B565-43CE-A1DC-CAD1DF8B86B1}.Release|iPhone.ActiveCfg = Release|Any CPU
		{1AE92203-B565-43CE-A1DC-CAD1DF8B86B1}.Release|iPhone.Build.0 = Release|Any CPU
		{1AE92203-B565-43CE-A1DC-CAD1DF8B86B1}.Release|iPhoneSimulator.ActiveCfg = Release|Any CPU
		{1AE92203-B565-43CE-A1DC-CAD1DF8B86B1}.Release|iPhoneSimulator.Build.0 = Release|Any CPU
		{1AE92203-B565-43CE-A1DC-CAD1DF8B86B1}.Release|x64.ActiveCfg = Release|Any CPU
		{1AE92203-B565-43CE-A1DC-CAD1DF8B86B1}.Release|x64.Build.0 = Release|Any CPU
		{1AE92203-B565-43CE-A1DC-CAD1DF8B86B1}.Release|x86.ActiveCfg = Release|Any CPU
		{1AE92203-B565-43CE-A1DC-CAD1DF8B86B1}.Release|x86.Build.0 = Release|Any CPU
	EndGlobalSection
	GlobalSection(SolutionProperties) = preSolution
		HideSolutionNode = FALSE
	EndGlobalSection
EndGlobal
